
Microsoft Visual Studio Solution File, Format Version 12.00
# Visual Studio Version 17
VisualStudioVersion = 17.9.34701.34
MinimumVisualStudioVersion = 10.0.40219.1
Project("{FAE04EC0-301F-11D3-BF4B-00C04F79EFBC}") = "ExclusiveMember", "ExclusiveMember\ExclusiveMember.csproj", "{214D7A5F-5C61-445B-A39C-AE93500CA3C8}"
EndProject
Global
	GlobalSection(SolutionConfigurationPlatforms) = preSolution
		Debug|Any CPU = Debug|Any CPU
		Release|Any CPU = Release|Any CPU
	EndGlobalSection
	GlobalSection(ProjectConfigurationPlatforms) = postSolution
		{214D7A5F-5C61-445B-A39C-AE93500CA3C8}.Debug|Any CPU.ActiveCfg = Debug|Any CPU
		{214D7A5F-5C61-445B-A39C-AE93500CA3C8}.Debug|Any CPU.Build.0 = Debug|Any CPU
		{214D7A5F-5C61-445B-A39C-AE93500CA3C8}.Debug|Any CPU.Deploy.0 = Debug|Any CPU
		{214D7A5F-5C61-445B-A39C-AE93500CA3C8}.Release|Any CPU.ActiveCfg = Release|Any CPU
		{214D7A5F-5C61-445B-A39C-AE93500CA3C8}.Release|Any CPU.Build.0 = Release|Any CPU
		{214D7A5F-5C61-445B-A39C-AE93500CA3C8}.Release|Any CPU.Deploy.0 = Release|Any CPU
	EndGlobalSection
	GlobalSection(SolutionProperties) = preSolution
		HideSolutionNode = FALSE
	EndGlobalSection
	GlobalSection(ExtensibilityGlobals) = postSolution
		SolutionGuid = {85739B12-57CD-42B7-87CF-370C2B42EE3A}
	EndGlobalSection
EndGlobal
